
Microsoft Visual Studio Solution File, Format Version 12.00
# Visual Studio 2012
Project("{FAE04EC0-301F-11D3-BF4B-00C04F79EFBC}") = "SolarSystem", "SolarSystem.csproj", "{2F30E9AF-8256-40AF-B356-EA14E55CE9D7}"
EndProject
Project("{FAE04EC0-301F-11D3-BF4B-00C04F79EFBC}") = "2. MathMethodsPerformanceTest", "..\2. MathMethodsPerformanceTest\2. MathMethodsPerformanceTest.csproj", "{786BFC89-8F53-4FC7-8CA4-7ACA5ABFFB32}"
EndProject
Project("{FAE04EC0-301F-11D3-BF4B-00C04F79EFBC}") = "3. SinusSquareRootAndNaturalLogarithComparison", "..\3. SinusSquareRootAndNaturalLogarithComparison\3. SinusSquareRootAndNaturalLogarithComparison.csproj", "{5D5D76E5-3B2E-43DB-9718-7C97165307AB}"
EndProject
Global
	GlobalSection(SolutionConfigurationPlatforms) = preSolution
		Debug|Any CPU = Debug|Any CPU
		Release|Any CPU = Release|Any CPU
	EndGlobalSection
	GlobalSection(ProjectConfigurationPlatforms) = postSolution
		{2F30E9AF-8256-40AF-B356-EA14E55CE9D7}.Debug|Any CPU.ActiveCfg = Debug|Any CPU
		{2F30E9AF-8256-40AF-B356-EA14E55CE9D7}.Debug|Any CPU.Build.0 = Debug|Any CPU
		{2F30E9AF-8256-40AF-B356-EA14E55CE9D7}.Release|Any CPU.ActiveCfg = Release|Any CPU
		{2F30E9AF-8256-40AF-B356-EA14E55CE9D7}.Release|Any CPU.Build.0 = Release|Any CPU
		{786BFC89-8F53-4FC7-8CA4-7ACA5ABFFB32}.Debug|Any CPU.ActiveCfg = Debug|Any CPU
		{786BFC89-8F53-4FC7-8CA4-7ACA5ABFFB32}.Debug|Any CPU.Build.0 = Debug|Any CPU
		{786BFC89-8F53-4FC7-8CA4-7ACA5ABFFB32}.Release|Any CPU.ActiveCfg = Release|Any CPU
		{786BFC89-8F53-4FC7-8CA4-7ACA5ABFFB32}.Release|Any CPU.Build.0 = Release|Any CPU
		{5D5D76E5-3B2E-43DB-9718-7C97165307AB}.Debug|Any CPU.ActiveCfg = Debug|Any CPU
		{5D5D76E5-3B2E-43DB-9718-7C97165307AB}.Debug|Any CPU.Build.0 = Debug|Any CPU
		{5D5D76E5-3B2E-43DB-9718-7C97165307AB}.Release|Any CPU.ActiveCfg = Release|Any CPU
		{5D5D76E5-3B2E-43DB-9718-7C97165307AB}.Release|Any CPU.Build.0 = Release|Any CPU
	EndGlobalSection
	GlobalSection(SolutionProperties) = preSolution
		HideSolutionNode = FALSE
	EndGlobalSection
EndGlobal
