
Microsoft Visual Studio Solution File, Format Version 12.00
# Visual Studio 2012
Project("{2150E333-8FDC-42A3-9474-1A3956D46DE8}") = "Solution Items", "Solution Items", "{04DC7223-1EAF-4E6F-AF8F-01D33E93DD42}"
	ProjectSection(SolutionItems) = preProject
		4. Calculator.css = 4. Calculator.css
		4. Calculator.html = 4. Calculator.html
	EndProjectSection
EndProject
Global
	GlobalSection(SolutionProperties) = preSolution
		HideSolutionNode = FALSE
	EndGlobalSection
EndGlobal
