
Microsoft Visual Studio Solution File, Format Version 12.00
# Visual Studio 2012
Project("{FAE04EC0-301F-11D3-BF4B-00C04F79EFBC}") = "5. JS Events", "5. JS Events\5. JS Events.csproj", "{79084BBE-4C70-4ADA-8F25-2B24C69F8A13}"
EndProject
Global
	GlobalSection(SolutionConfigurationPlatforms) = preSolution
		Debug|Any CPU = Debug|Any CPU
		Release|Any CPU = Release|Any CPU
	EndGlobalSection
	GlobalSection(ProjectConfigurationPlatforms) = postSolution
		{79084BBE-4C70-4ADA-8F25-2B24C69F8A13}.Debug|Any CPU.ActiveCfg = Debug|Any CPU
		{79084BBE-4C70-4ADA-8F25-2B24C69F8A13}.Debug|Any CPU.Build.0 = Debug|Any CPU
		{79084BBE-4C70-4ADA-8F25-2B24C69F8A13}.Release|Any CPU.ActiveCfg = Release|Any CPU
		{79084BBE-4C70-4ADA-8F25-2B24C69F8A13}.Release|Any CPU.Build.0 = Release|Any CPU
	EndGlobalSection
	GlobalSection(SolutionProperties) = preSolution
		HideSolutionNode = FALSE
	EndGlobalSection
EndGlobal
