
Microsoft Visual Studio Solution File, Format Version 12.00
# Visual Studio 2012
Project("{FAE04EC0-301F-11D3-BF4B-00C04F79EFBC}") = "3. Operators and Expressions", "3. Operators and Expressions\3. Operators and Expressions.csproj", "{BAED34E3-C363-46BE-958C-398751667CFF}"
EndProject
Global
	GlobalSection(SolutionConfigurationPlatforms) = preSolution
		Debug|Any CPU = Debug|Any CPU
		Release|Any CPU = Release|Any CPU
	EndGlobalSection
	GlobalSection(ProjectConfigurationPlatforms) = postSolution
		{BAED34E3-C363-46BE-958C-398751667CFF}.Debug|Any CPU.ActiveCfg = Debug|Any CPU
		{BAED34E3-C363-46BE-958C-398751667CFF}.Debug|Any CPU.Build.0 = Debug|Any CPU
		{BAED34E3-C363-46BE-958C-398751667CFF}.Release|Any CPU.ActiveCfg = Release|Any CPU
		{BAED34E3-C363-46BE-958C-398751667CFF}.Release|Any CPU.Build.0 = Release|Any CPU
	EndGlobalSection
	GlobalSection(SolutionProperties) = preSolution
		HideSolutionNode = FALSE
	EndGlobalSection
EndGlobal
